// !$*UTF8*$!
{
	archiveVersion = 1;
	classes = {
	};
	objectVersion = 50;
	objects = {

/* Begin PBXBuildFile section */
		E26FF081221498480090CC23 /* AppDelegate.swift in Sources */ = {isa = PBXBuildFile; fileRef = E26FF080221498480090CC23 /* AppDelegate.swift */; };
		E26FF083221498480090CC23 /* ViewController.swift in Sources */ = {isa = PBXBuildFile; fileRef = E26FF082221498480090CC23 /* ViewController.swift */; };
		E26FF086221498480090CC23 /* RedOrBlack.xcdatamodeld in Sources */ = {isa = PBXBuildFile; fileRef = E26FF084221498480090CC23 /* RedOrBlack.xcdatamodeld */; };
		E26FF089221498480090CC23 /* Main.storyboard in Resources */ = {isa = PBXBuildFile; fileRef = E26FF087221498480090CC23 /* Main.storyboard */; };
		E26FF08B2214984A0090CC23 /* Assets.xcassets in Resources */ = {isa = PBXBuildFile; fileRef = E26FF08A2214984A0090CC23 /* Assets.xcassets */; };
/* End PBXBuildFile section */

/* Begin PBXFileReference section */
		E26FF07D221498480090CC23 /* RedOrBlack.app */ = {isa = PBXFileReference; explicitFileType = wrapper.application; includeInIndex = 0; path = RedOrBlack.app; sourceTree = BUILT_PRODUCTS_DIR; };
		E26FF080221498480090CC23 /* AppDelegate.swift */ = {isa = PBXFileReference; lastKnownFileType = sourcecode.swift; path = AppDelegate.swift; sourceTree = "<group>"; };
		E26FF082221498480090CC23 /* ViewController.swift */ = {isa = PBXFileReference; lastKnownFileType = sourcecode.swift; path = ViewController.swift; sourceTree = "<group>"; };
		E26FF085221498480090CC23 /* RedOrBlack.xcdatamodel */ = {isa = PBXFileReference; lastKnownFileType = wrapper.xcdatamodel; path = RedOrBlack.xcdatamodel; sourceTree = "<group>"; };
		E26FF088221498480090CC23 /* Base */ = {isa = PBXFileReference; lastKnownFileType = file.storyboard; name = Base; path = Base.lproj/Main.storyboard; sourceTree = "<group>"; };
		E26FF08A2214984A0090CC23 /* Assets.xcassets */ = {isa = PBXFileReference; lastKnownFileType = folder.assetcatalog; path = Assets.xcassets; sourceTree = "<group>"; };
		E26FF08C2214984A0090CC23 /* Info.plist */ = {isa = PBXFileReference; lastKnownFileType = text.plist.xml; path = Info.plist; sourceTree = "<group>"; };
/* End PBXFileReference section */

/* Begin PBXFrameworksBuildPhase section */
		E26FF07A221498480090CC23 /* Frameworks */ = {
			isa = PBXFrameworksBuildPhase;
			buildActionMask = 2147483647;
			files = (
			);
			runOnlyForDeploymentPostprocessing = 0;
		};
/* End PBXFrameworksBuildPhase section */

/* Begin PBXGroup section */
		E26FF074221498480090CC23 = {
			isa = PBXGroup;
			children = (
				E26FF07F221498480090CC23 /* RedOrBlack */,
				E26FF07E221498480090CC23 /* Products */,
			);
			sourceTree = "<group>";
		};
		E26FF07E221498480090CC23 /* Products */ = {
			isa = PBXGroup;
			children = (
				E26FF07D221498480090CC23 /* RedOrBlack.app */,
			);
			name = Products;
			sourceTree = "<group>";
		};
		E26FF07F221498480090CC23 /* RedOrBlack */ = {
			isa = PBXGroup;
			children = (
				E26FF09422149A210090CC23 /* Controller */,
				E26FF09322149A1A0090CC23 /* View */,
				E26FF09222149A0F0090CC23 /* Model */,
				E26FF08C2214984A0090CC23 /* Info.plist */,
				E26FF084221498480090CC23 /* RedOrBlack.xcdatamodeld */,
			);
			path = RedOrBlack;
			sourceTree = "<group>";
		};
		E26FF09222149A0F0090CC23 /* Model */ = {
			isa = PBXGroup;
			children = (
			);
			path = Model;
			sourceTree = "<group>";
		};
		E26FF09322149A1A0090CC23 /* View */ = {
			isa = PBXGroup;
			children = (
				E26FF087221498480090CC23 /* Main.storyboard */,
				E26FF08A2214984A0090CC23 /* Assets.xcassets */,
			);
			path = View;
			sourceTree = "<group>";
		};
		E26FF09422149A210090CC23 /* Controller */ = {
			isa = PBXGroup;
			children = (
				E26FF080221498480090CC23 /* AppDelegate.swift */,
				E26FF082221498480090CC23 /* ViewController.swift */,
			);
			path = Controller;
			sourceTree = "<group>";
		};
/* End PBXGroup section */

/* Begin PBXNativeTarget section */
		E26FF07C221498480090CC23 /* RedOrBlack */ = {
			isa = PBXNativeTarget;
			buildConfigurationList = E26FF08F2214984A0090CC23 /* Build configuration list for PBXNativeTarget "RedOrBlack" */;
			buildPhases = (
				E26FF079221498480090CC23 /* Sources */,
				E26FF07A221498480090CC23 /* Frameworks */,
				E26FF07B221498480090CC23 /* Resources */,
			);
			buildRules = (
			);
			dependencies = (
			);
			name = RedOrBlack;
			productName = RedOrBlack;
			productReference = E26FF07D221498480090CC23 /* RedOrBlack.app */;
			productType = "com.apple.product-type.application";
		};
/* End PBXNativeTarget section */

/* Begin PBXProject section */
		E26FF075221498480090CC23 /* Project object */ = {
			isa = PBXProject;
			attributes = {
				LastSwiftUpdateCheck = 1010;
				LastUpgradeCheck = 1010;
				ORGANIZATIONNAME = "Joel Menezes Hamon";
				TargetAttributes = {
					E26FF07C221498480090CC23 = {
						CreatedOnToolsVersion = 10.1;
					};
				};
			};
			buildConfigurationList = E26FF078221498480090CC23 /* Build configuration list for PBXProject "RedOrBlack" */;
			compatibilityVersion = "Xcode 9.3";
			developmentRegion = en;
			hasScannedForEncodings = 0;
			knownRegions = (
				en,
				Base,
			);
			mainGroup = E26FF074221498480090CC23;
			productRefGroup = E26FF07E221498480090CC23 /* Products */;
			projectDirPath = "";
			projectRoot = "";
			targets = (
				E26FF07C221498480090CC23 /* RedOrBlack */,
			);
		};
/* End PBXProject section */

/* Begin PBXResourcesBuildPhase section */
		E26FF07B221498480090CC23 /* Resources */ = {
			isa = PBXResourcesBuildPhase;
			buildActionMask = 2147483647;
			files = (
				E26FF08B2214984A0090CC23 /* Assets.xcassets in Resources */,
				E26FF089221498480090CC23 /* Main.storyboard in Resources */,
			);
			runOnlyForDeploymentPostprocessing = 0;
		};
/* End PBXResourcesBuildPhase section */

/* Begin PBXSourcesBuildPhase section */
		E26FF079221498480090CC23 /* Sources */ = {
			isa = PBXSourcesBuildPhase;
			buildActionMask = 2147483647;
			files = (
				E26FF083221498480090CC23 /* ViewController.swift in Sources */,
				E26FF081221498480090CC23 /* AppDelegate.swift in Sources */,
				E26FF086221498480090CC23 /* RedOrBlack.xcdatamodeld in Sources */,
			);
			runOnlyForDeploymentPostprocessing = 0;
		};
/* End PBXSourcesBuildPhase section */

/* Begin PBXVariantGroup section */
		E26FF087221498480090CC23 /* Main.storyboard */ = {
			isa = PBXVariantGroup;
			children = (
				E26FF088221498480090CC23 /* Base */,
			);
			name = Main.storyboard;
			sourceTree = "<group>";
		};
/* End PBXVariantGroup section */

/* Begin XCBuildConfiguration section */
		E26FF08D2214984A0090CC23 /* Debug */ = {
			isa = XCBuildConfiguration;
			buildSettings = {
				ALWAYS_SEARCH_USER_PATHS = NO;
				CLANG_ANALYZER_NONNULL = YES;
				CLANG_ANALYZER_NUMBER_OBJECT_CONVERSION = YES_AGGRESSIVE;
				CLANG_CXX_LANGUAGE_STANDARD = "gnu++14";
				CLANG_CXX_LIBRARY = "libc++";
				CLANG_ENABLE_MODULES = YES;
				CLANG_ENABLE_OBJC_ARC = YES;
				CLANG_ENABLE_OBJC_WEAK = YES;
				CLANG_WARN_BLOCK_CAPTURE_AUTORELEASING = YES;
				CLANG_WARN_BOOL_CONVERSION = YES;
				CLANG_WARN_COMMA = YES;
				CLANG_WARN_CONSTANT_CONVERSION = YES;
				CLANG_WARN_DEPRECATED_OBJC_IMPLEMENTATIONS = YES;
				CLANG_WARN_DIRECT_OBJC_ISA_USAGE = YES_ERROR;
				CLANG_WARN_DOCUMENTATION_COMMENTS = YES;
				CLANG_WARN_EMPTY_BODY = YES;
				CLANG_WARN_ENUM_CONVERSION = YES;
				CLANG_WARN_INFINITE_RECURSION = YES;
				CLANG_WARN_INT_CONVERSION = YES;
				CLANG_WARN_NON_LITERAL_NULL_CONVERSION = YES;
				CLANG_WARN_OBJC_IMPLICIT_RETAIN_SELF = YES;
				CLANG_WARN_OBJC_LITERAL_CONVERSION = YES;
				CLANG_WARN_OBJC_ROOT_CLASS = YES_ERROR;
				CLANG_WARN_RANGE_LOOP_ANALYSIS = YES;
				CLANG_WARN_STRICT_PROTOTYPES = YES;
				CLANG_WARN_SUSPICIOUS_MOVE = YES;
				CLANG_WARN_UNGUARDED_AVAILABILITY = YES_AGGRESSIVE;
				CLANG_WARN_UNREACHABLE_CODE = YES;
				CLANG_WARN__DUPLICATE_METHOD_MATCH = YES;
				COPY_PHASE_STRIP = NO;
				DEBUG_INFORMATION_FORMAT = dwarf;
				ENABLE_STRICT_OBJC_MSGSEND = YES;
				ENABLE_TESTABILITY = YES;
				GCC_C_LANGUAGE_STANDARD = gnu11;
				GCC_DYNAMIC_NO_PIC = NO;
				GCC_NO_COMMON_BLOCKS = YES;
				GCC_OPTIMIZATION_LEVEL = 0;
				GCC_PREPROCESSOR_DEFINITIONS = (
					"DEBUG=1",
					"$(inherited)",
				);
				GCC_WARN_64_TO_32_BIT_CONVERSION = YES;
				GCC_WARN_ABOUT_RETURN_TYPE = YES_ERROR;
				GCC_WARN_UNDECLARED_SELECTOR = YES;
				GCC_WARN_UNINITIALIZED_AUTOS = YES_AGGRESSIVE;
				GCC_WARN_UNUSED_FUNCTION = YES;
				GCC_WARN_UNUSED_VARIABLE = YES;
				MTL_ENABLE_DEBUG_INFO = INCLUDE_SOURCE;
				MTL_FAST_MATH = YES;
				ONLY_ACTIVE_ARCH = YES;
				SDKROOT = appletvos;
				SWIFT_ACTIVE_COMPILATION_CONDITIONS = DEBUG;
				SWIFT_OPTIMIZATION_LEVEL = "-Onone";
				TVOS_DEPLOYMENT_TARGET = 12.1;
			};
			name = Debug;
		};
		E26FF08E2214984A0090CC23 /* Release */ = {
			isa = XCBuildConfiguration;
			buildSettings = {
				ALWAYS_SEARCH_USER_PATHS = NO;
				CLANG_ANALYZER_NONNULL = YES;
				CLANG_ANALYZER_NUMBER_OBJECT_CONVERSION = YES_AGGRESSIVE;
				CLANG_CXX_LANGUAGE_STANDARD = "gnu++14";
				CLANG_CXX_LIBRARY = "libc++";
				CLANG_ENABLE_MODULES = YES;
				CLANG_ENABLE_OBJC_ARC = YES;
				CLANG_ENABLE_OBJC_WEAK = YES;
				CLANG_WARN_BLOCK_CAPTURE_AUTORELEASING = YES;
				CLANG_WARN_BOOL_CONVERSION = YES;
				CLANG_WARN_COMMA = YES;
				CLANG_WARN_CONSTANT_CONVERSION = YES;
				CLANG_WARN_DEPRECATED_OBJC_IMPLEMENTATIONS = YES;
				CLANG_WARN_DIRECT_OBJC_ISA_USAGE = YES_ERROR;
				CLANG_WARN_DOCUMENTATION_COMMENTS = YES;
				CLANG_WARN_EMPTY_BODY = YES;
				CLANG_WARN_ENUM_CONVERSION = YES;
				CLANG_WARN_INFINITE_RECURSION = YES;
				CLANG_WARN_INT_CONVERSION = YES;
				CLANG_WARN_NON_LITERAL_NULL_CONVERSION = YES;
				CLANG_WARN_OBJC_IMPLICIT_RETAIN_SELF = YES;
				CLANG_WARN_OBJC_LITERAL_CONVERSION = YES;
				CLANG_WARN_OBJC_ROOT_CLASS = YES_ERROR;
				CLANG_WARN_RANGE_LOOP_ANALYSIS = YES;
				CLANG_WARN_STRICT_PROTOTYPES = YES;
				CLANG_WARN_SUSPICIOUS_MOVE = YES;
				CLANG_WARN_UNGUARDED_AVAILABILITY = YES_AGGRESSIVE;
				CLANG_WARN_UNREACHABLE_CODE = YES;
				CLANG_WARN__DUPLICATE_METHOD_MATCH = YES;
				COPY_PHASE_STRIP = NO;
				DEBUG_INFORMATION_FORMAT = "dwarf-with-dsym";
				ENABLE_NS_ASSERTIONS = NO;
				ENABLE_STRICT_OBJC_MSGSEND = YES;
				GCC_C_LANGUAGE_STANDARD = gnu11;
				GCC_NO_COMMON_BLOCKS = YES;
				GCC_WARN_64_TO_32_BIT_CONVERSION = YES;
				GCC_WARN_ABOUT_RETURN_TYPE = YES_ERROR;
				GCC_WARN_UNDECLARED_SELECTOR = YES;
				GCC_WARN_UNINITIALIZED_AUTOS = YES_AGGRESSIVE;
				GCC_WARN_UNUSED_FUNCTION = YES;
				GCC_WARN_UNUSED_VARIABLE = YES;
				MTL_ENABLE_DEBUG_INFO = NO;
				MTL_FAST_MATH = YES;
				SDKROOT = appletvos;
				SWIFT_COMPILATION_MODE = wholemodule;
				SWIFT_OPTIMIZATION_LEVEL = "-O";
				TVOS_DEPLOYMENT_TARGET = 12.1;
				VALIDATE_PRODUCT = YES;
			};
			name = Release;
		};
		E26FF0902214984A0090CC23 /* Debug */ = {
			isa = XCBuildConfiguration;
			buildSettings = {
				ASSETCATALOG_COMPILER_APPICON_NAME = "App Icon & Top Shelf Image";
				ASSETCATALOG_COMPILER_LAUNCHIMAGE_NAME = LaunchImage;
				CODE_SIGN_STYLE = Automatic;
				DEVELOPMENT_TEAM = SMM55X2K37;
				INFOPLIST_FILE = RedOrBlack/Info.plist;
				LD_RUNPATH_SEARCH_PATHS = (
					"$(inherited)",
					"@executable_path/Frameworks",
				);
				PRODUCT_BUNDLE_IDENTIFIER = com.Academy.RedOrBlack;
				PRODUCT_NAME = "$(TARGET_NAME)";
				SWIFT_VERSION = 4.2;
				TARGETED_DEVICE_FAMILY = 3;
			};
			name = Debug;
		};
		E26FF0912214984A0090CC23 /* Release */ = {
			isa = XCBuildConfiguration;
			buildSettings = {
				ASSETCATALOG_COMPILER_APPICON_NAME = "App Icon & Top Shelf Image";
				ASSETCATALOG_COMPILER_LAUNCHIMAGE_NAME = LaunchImage;
				CODE_SIGN_STYLE = Automatic;
				DEVELOPMENT_TEAM = SMM55X2K37;
				INFOPLIST_FILE = RedOrBlack/Info.plist;
				LD_RUNPATH_SEARCH_PATHS = (
					"$(inherited)",
					"@executable_path/Frameworks",
				);
				PRODUCT_BUNDLE_IDENTIFIER = com.Academy.RedOrBlack;
				PRODUCT_NAME = "$(TARGET_NAME)";
				SWIFT_VERSION = 4.2;
				TARGETED_DEVICE_FAMILY = 3;
			};
			name = Release;
		};
/* End XCBuildConfiguration section */

/* Begin XCConfigurationList section */
		E26FF078221498480090CC23 /* Build configuration list for PBXProject "RedOrBlack" */ = {
			isa = XCConfigurationList;
			buildConfigurations = (
				E26FF08D2214984A0090CC23 /* Debug */,
				E26FF08E2214984A0090CC23 /* Release */,
			);
			defaultConfigurationIsVisible = 0;
			defaultConfigurationName = Release;
		};
		E26FF08F2214984A0090CC23 /* Build configuration list for PBXNativeTarget "RedOrBlack" */ = {
			isa = XCConfigurationList;
			buildConfigurations = (
				E26FF0902214984A0090CC23 /* Debug */,
				E26FF0912214984A0090CC23 /* Release */,
			);
			defaultConfigurationIsVisible = 0;
			defaultConfigurationName = Release;
		};
/* End XCConfigurationList section */

/* Begin XCVersionGroup section */
		E26FF084221498480090CC23 /* RedOrBlack.xcdatamodeld */ = {
			isa = XCVersionGroup;
			children = (
				E26FF085221498480090CC23 /* RedOrBlack.xcdatamodel */,
			);
			currentVersion = E26FF085221498480090CC23 /* RedOrBlack.xcdatamodel */;
			path = RedOrBlack.xcdatamodeld;
			sourceTree = "<group>";
			versionGroupType = wrapper.xcdatamodel;
		};
/* End XCVersionGroup section */
	};
	rootObject = E26FF075221498480090CC23 /* Project object */;
}
